
Microsoft Visual Studio Solution File, Format Version 12.00
# Visual Studio Version 17
VisualStudioVersion = 17.13.35919.96
MinimumVisualStudioVersion = 10.0.40219.1
Project("{FAE04EC0-301F-11D3-BF4B-00C04F79EFBC}") = "ECommerceNetApp.Domain", "ECommerceNetApp.Domain\ECommerceNetApp.Domain.csproj", "{0CC826C7-6C96-62B5-8571-82357CB67730}"
EndProject
Project("{FAE04EC0-301F-11D3-BF4B-00C04F79EFBC}") = "ECommerceNetApp.Service", "ECommerceNetApp.Service\ECommerceNetApp.Service.csproj", "{481C90F2-4569-72D6-E931-8837737AB4C7}"
EndProject
Project("{FAE04EC0-301F-11D3-BF4B-00C04F79EFBC}") = "ECommerceNetApp.Persistence", "ECommerceNetApp.Persistence\ECommerceNetApp.Persistence.csproj", "{0369B495-E584-3818-5634-4E0F03F16610}"
EndProject
Project("{FAE04EC0-301F-11D3-BF4B-00C04F79EFBC}") = "ECommerceNetApp.Api", "ECommerceNetApp.Api\ECommerceNetApp.Api.csproj", "{0C1A1034-1332-4D72-1033-DA00CD4D5DC0}"
EndProject
Project("{2150E333-8FDC-42A3-9474-1A3956D46DE8}") = "tests", "tests", "{02EA681E-C7D8-13C7-8484-4AC65E1B71E8}"
EndProject
Project("{FAE04EC0-301F-11D3-BF4B-00C04F79EFBC}") = "ECommerceNetApp.Service.UnitTest", "ECommerceNetApp.Service.UnitTest\ECommerceNetApp.Service.UnitTest.csproj", "{F67BD357-72EE-4304-870D-95A618B86120}"
EndProject
Project("{FAE04EC0-301F-11D3-BF4B-00C04F79EFBC}") = "ECommerceNetApp.Persistence.UnitTest", "ECommerceNetApp.Persistence.UnitTest\ECommerceNetApp.Persistence.UnitTest.csproj", "{E721E502-A126-4207-87D2-C6A515DF0050}"
EndProject
Project("{FAE04EC0-301F-11D3-BF4B-00C04F79EFBC}") = "ECommerceNetApp.IntegrationTests", "ECommerceNetApp.IntegrationTests\ECommerceNetApp.IntegrationTests.csproj", "{C1494384-E98E-43AE-8850-F9D78ACC7B9C}"
EndProject
Global
	GlobalSection(SolutionConfigurationPlatforms) = preSolution
		Debug|Any CPU = Debug|Any CPU
		Release|Any CPU = Release|Any CPU
	EndGlobalSection
	GlobalSection(ProjectConfigurationPlatforms) = postSolution
		{0CC826C7-6C96-62B5-8571-82357CB67730}.Debug|Any CPU.ActiveCfg = Debug|Any CPU
		{0CC826C7-6C96-62B5-8571-82357CB67730}.Debug|Any CPU.Build.0 = Debug|Any CPU
		{0CC826C7-6C96-62B5-8571-82357CB67730}.Release|Any CPU.ActiveCfg = Release|Any CPU
		{0CC826C7-6C96-62B5-8571-82357CB67730}.Release|Any CPU.Build.0 = Release|Any CPU
		{481C90F2-4569-72D6-E931-8837737AB4C7}.Debug|Any CPU.ActiveCfg = Debug|Any CPU
		{481C90F2-4569-72D6-E931-8837737AB4C7}.Debug|Any CPU.Build.0 = Debug|Any CPU
		{481C90F2-4569-72D6-E931-8837737AB4C7}.Release|Any CPU.ActiveCfg = Release|Any CPU
		{481C90F2-4569-72D6-E931-8837737AB4C7}.Release|Any CPU.Build.0 = Release|Any CPU
		{0369B495-E584-3818-5634-4E0F03F16610}.Debug|Any CPU.ActiveCfg = Debug|Any CPU
		{0369B495-E584-3818-5634-4E0F03F16610}.Debug|Any CPU.Build.0 = Debug|Any CPU
		{0369B495-E584-3818-5634-4E0F03F16610}.Release|Any CPU.ActiveCfg = Release|Any CPU
		{0369B495-E584-3818-5634-4E0F03F16610}.Release|Any CPU.Build.0 = Release|Any CPU
		{0C1A1034-1332-4D72-1033-DA00CD4D5DC0}.Debug|Any CPU.ActiveCfg = Debug|Any CPU
		{0C1A1034-1332-4D72-1033-DA00CD4D5DC0}.Debug|Any CPU.Build.0 = Debug|Any CPU
		{0C1A1034-1332-4D72-1033-DA00CD4D5DC0}.Release|Any CPU.ActiveCfg = Release|Any CPU
		{0C1A1034-1332-4D72-1033-DA00CD4D5DC0}.Release|Any CPU.Build.0 = Release|Any CPU
		{F67BD357-72EE-4304-870D-95A618B86120}.Debug|Any CPU.ActiveCfg = Debug|Any CPU
		{F67BD357-72EE-4304-870D-95A618B86120}.Debug|Any CPU.Build.0 = Debug|Any CPU
		{F67BD357-72EE-4304-870D-95A618B86120}.Release|Any CPU.ActiveCfg = Release|Any CPU
		{F67BD357-72EE-4304-870D-95A618B86120}.Release|Any CPU.Build.0 = Release|Any CPU
		{E721E502-A126-4207-87D2-C6A515DF0050}.Debug|Any CPU.ActiveCfg = Debug|Any CPU
		{E721E502-A126-4207-87D2-C6A515DF0050}.Debug|Any CPU.Build.0 = Debug|Any CPU
		{E721E502-A126-4207-87D2-C6A515DF0050}.Release|Any CPU.ActiveCfg = Release|Any CPU
		{E721E502-A126-4207-87D2-C6A515DF0050}.Release|Any CPU.Build.0 = Release|Any CPU
		{C1494384-E98E-43AE-8850-F9D78ACC7B9C}.Debug|Any CPU.ActiveCfg = Debug|Any CPU
		{C1494384-E98E-43AE-8850-F9D78ACC7B9C}.Debug|Any CPU.Build.0 = Debug|Any CPU
		{C1494384-E98E-43AE-8850-F9D78ACC7B9C}.Release|Any CPU.ActiveCfg = Release|Any CPU
		{C1494384-E98E-43AE-8850-F9D78ACC7B9C}.Release|Any CPU.Build.0 = Release|Any CPU
	EndGlobalSection
	GlobalSection(SolutionProperties) = preSolution
		HideSolutionNode = FALSE
	EndGlobalSection
	GlobalSection(NestedProjects) = preSolution
		{F67BD357-72EE-4304-870D-95A618B86120} = {02EA681E-C7D8-13C7-8484-4AC65E1B71E8}
		{E721E502-A126-4207-87D2-C6A515DF0050} = {02EA681E-C7D8-13C7-8484-4AC65E1B71E8}
		{C1494384-E98E-43AE-8850-F9D78ACC7B9C} = {02EA681E-C7D8-13C7-8484-4AC65E1B71E8}
	EndGlobalSection
	GlobalSection(ExtensibilityGlobals) = postSolution
		SolutionGuid = {C305253A-5128-477F-B519-AD425166033B}
	EndGlobalSection
EndGlobal
