
Microsoft Visual Studio Solution File, Format Version 12.00
# Visual Studio Version 17
VisualStudioVersion = 17.13.35919.96
MinimumVisualStudioVersion = 10.0.40219.1
Project("{FAE04EC0-301F-11D3-BF4B-00C04F79EFBC}") = "ECommerceNetApp.Domain", "ECommerceNetApp.Domain\ECommerceNetApp.Domain.csproj", "{0CC826C7-6C96-62B5-8571-82357CB67730}"
EndProject
Project("{FAE04EC0-301F-11D3-BF4B-00C04F79EFBC}") = "ECommerceNetApp.Service", "ECommerceNetApp.Service\ECommerceNetApp.Service.csproj", "{481C90F2-4569-72D6-E931-8837737AB4C7}"
EndProject
Project("{FAE04EC0-301F-11D3-BF4B-00C04F79EFBC}") = "ECommerceNetApp.Persistence", "ECommerceNetApp.Persistence\ECommerceNetApp.Persistence.csproj", "{0369B495-E584-3818-5634-4E0F03F16610}"
EndProject
Project("{FAE04EC0-301F-11D3-BF4B-00C04F79EFBC}") = "ECommerceNetApp.Api", "ECommerceNetApp.Api\ECommerceNetApp.Api.csproj", "{0C1A1034-1332-4D72-1033-DA00CD4D5DC0}"
EndProject
Project("{2150E333-8FDC-42A3-9474-1A3956D46DE8}") = "tests", "tests", "{02EA681E-C7D8-13C7-8484-4AC65E1B71E8}"
EndProject
Project("{FAE04EC0-301F-11D3-BF4B-00C04F79EFBC}") = "ECommerceNetApp.Service.UnitTest", "ECommerceNetApp.Service.UnitTest\ECommerceNetApp.Service.UnitTest.csproj", "{F67BD357-72EE-4304-870D-95A618B86120}"
EndProject
Project("{FAE04EC0-301F-11D3-BF4B-00C04F79EFBC}") = "ECommerceNetApp.IntegrationTests", "ECommerceNetApp.IntegrationTests\ECommerceNetApp.IntegrationTests.csproj", "{C1494384-E98E-43AE-8850-F9D78ACC7B9C}"
EndProject
Project("{2150E333-8FDC-42A3-9474-1A3956D46DE8}") = "Solution Items", "Solution Items", "{8EC462FD-D22E-90A8-E5CE-7E832BA40C5D}"
	ProjectSection(SolutionItems) = preProject
		.editorconfig = .editorconfig
		README.md = README.md
	EndProjectSection
EndProject
Project("{FAE04EC0-301F-11D3-BF4B-00C04F79EFBC}") = "ECommerceNetApp.Domain.UnitTest", "ECommerceNetApp.Domain.UnitTest\ECommerceNetApp.Domain.UnitTest.csproj", "{A998E027-98C7-A65E-BFCB-E7EDF7A26D01}"
EndProject
Project("{FAE04EC0-301F-11D3-BF4B-00C04F79EFBC}") = "ECommerceNetApp.Persistence.UnitTest", "ECommerceNetApp.Persistence.UnitTest\ECommerceNetApp.Persistence.UnitTest.csproj", "{2873E683-3795-DE17-90F6-8F9B62E9A2E7}"
EndProject
Project("{FAE04EC0-301F-11D3-BF4B-00C04F79EFBC}") = "ECommerceNetApp.ApiGateway", "ECommerceNetApp.ApiGateway\ECommerceNetApp.ApiGateway.csproj", "{4D414FCB-CD28-4BF3-8C7E-F8ED38FBF833}"
EndProject
Global
	GlobalSection(SolutionConfigurationPlatforms) = preSolution
		Debug|Any CPU = Debug|Any CPU
		Release|Any CPU = Release|Any CPU
	EndGlobalSection
	GlobalSection(ProjectConfigurationPlatforms) = postSolution
		{0CC826C7-6C96-62B5-8571-82357CB67730}.Debug|Any CPU.ActiveCfg = Debug|Any CPU
		{0CC826C7-6C96-62B5-8571-82357CB67730}.Debug|Any CPU.Build.0 = Debug|Any CPU
		{0CC826C7-6C96-62B5-8571-82357CB67730}.Release|Any CPU.ActiveCfg = Release|Any CPU
		{0CC826C7-6C96-62B5-8571-82357CB67730}.Release|Any CPU.Build.0 = Release|Any CPU
		{481C90F2-4569-72D6-E931-8837737AB4C7}.Debug|Any CPU.ActiveCfg = Debug|Any CPU
		{481C90F2-4569-72D6-E931-8837737AB4C7}.Debug|Any CPU.Build.0 = Debug|Any CPU
		{481C90F2-4569-72D6-E931-8837737AB4C7}.Release|Any CPU.ActiveCfg = Release|Any CPU
		{481C90F2-4569-72D6-E931-8837737AB4C7}.Release|Any CPU.Build.0 = Release|Any CPU
		{0369B495-E584-3818-5634-4E0F03F16610}.Debug|Any CPU.ActiveCfg = Debug|Any CPU
		{0369B495-E584-3818-5634-4E0F03F16610}.Debug|Any CPU.Build.0 = Debug|Any CPU
		{0369B495-E584-3818-5634-4E0F03F16610}.Release|Any CPU.ActiveCfg = Release|Any CPU
		{0369B495-E584-3818-5634-4E0F03F16610}.Release|Any CPU.Build.0 = Release|Any CPU
		{0C1A1034-1332-4D72-1033-DA00CD4D5DC0}.Debug|Any CPU.ActiveCfg = Debug|Any CPU
		{0C1A1034-1332-4D72-1033-DA00CD4D5DC0}.Debug|Any CPU.Build.0 = Debug|Any CPU
		{0C1A1034-1332-4D72-1033-DA00CD4D5DC0}.Release|Any CPU.ActiveCfg = Release|Any CPU
		{0C1A1034-1332-4D72-1033-DA00CD4D5DC0}.Release|Any CPU.Build.0 = Release|Any CPU
		{F67BD357-72EE-4304-870D-95A618B86120}.Debug|Any CPU.ActiveCfg = Debug|Any CPU
		{F67BD357-72EE-4304-870D-95A618B86120}.Debug|Any CPU.Build.0 = Debug|Any CPU
		{F67BD357-72EE-4304-870D-95A618B86120}.Release|Any CPU.ActiveCfg = Release|Any CPU
		{F67BD357-72EE-4304-870D-95A618B86120}.Release|Any CPU.Build.0 = Release|Any CPU
		{C1494384-E98E-43AE-8850-F9D78ACC7B9C}.Debug|Any CPU.ActiveCfg = Debug|Any CPU
		{C1494384-E98E-43AE-8850-F9D78ACC7B9C}.Debug|Any CPU.Build.0 = Debug|Any CPU
		{C1494384-E98E-43AE-8850-F9D78ACC7B9C}.Release|Any CPU.ActiveCfg = Release|Any CPU
		{C1494384-E98E-43AE-8850-F9D78ACC7B9C}.Release|Any CPU.Build.0 = Release|Any CPU
		{A998E027-98C7-A65E-BFCB-E7EDF7A26D01}.Debug|Any CPU.ActiveCfg = Debug|Any CPU
		{A998E027-98C7-A65E-BFCB-E7EDF7A26D01}.Debug|Any CPU.Build.0 = Debug|Any CPU
		{A998E027-98C7-A65E-BFCB-E7EDF7A26D01}.Release|Any CPU.ActiveCfg = Release|Any CPU
		{A998E027-98C7-A65E-BFCB-E7EDF7A26D01}.Release|Any CPU.Build.0 = Release|Any CPU
		{2873E683-3795-DE17-90F6-8F9B62E9A2E7}.Debug|Any CPU.ActiveCfg = Debug|Any CPU
		{2873E683-3795-DE17-90F6-8F9B62E9A2E7}.Debug|Any CPU.Build.0 = Debug|Any CPU
		{2873E683-3795-DE17-90F6-8F9B62E9A2E7}.Release|Any CPU.ActiveCfg = Release|Any CPU
		{2873E683-3795-DE17-90F6-8F9B62E9A2E7}.Release|Any CPU.Build.0 = Release|Any CPU
		{4D414FCB-CD28-4BF3-8C7E-F8ED38FBF833}.Debug|Any CPU.ActiveCfg = Debug|Any CPU
		{4D414FCB-CD28-4BF3-8C7E-F8ED38FBF833}.Debug|Any CPU.Build.0 = Debug|Any CPU
		{4D414FCB-CD28-4BF3-8C7E-F8ED38FBF833}.Release|Any CPU.ActiveCfg = Release|Any CPU
		{4D414FCB-CD28-4BF3-8C7E-F8ED38FBF833}.Release|Any CPU.Build.0 = Release|Any CPU
	EndGlobalSection
	GlobalSection(SolutionProperties) = preSolution
		HideSolutionNode = FALSE
	EndGlobalSection
	GlobalSection(NestedProjects) = preSolution
		{F67BD357-72EE-4304-870D-95A618B86120} = {02EA681E-C7D8-13C7-8484-4AC65E1B71E8}
		{C1494384-E98E-43AE-8850-F9D78ACC7B9C} = {02EA681E-C7D8-13C7-8484-4AC65E1B71E8}
		{A998E027-98C7-A65E-BFCB-E7EDF7A26D01} = {02EA681E-C7D8-13C7-8484-4AC65E1B71E8}
		{2873E683-3795-DE17-90F6-8F9B62E9A2E7} = {02EA681E-C7D8-13C7-8484-4AC65E1B71E8}
	EndGlobalSection
	GlobalSection(ExtensibilityGlobals) = postSolution
		SolutionGuid = {C305253A-5128-477F-B519-AD425166033B}
	EndGlobalSection
EndGlobal
